<?xml version="1.0" encoding="utf-8"?>
<Project ToolsVersion="4.0" xmlns="http://schemas.microsoft.com/developer/msbuild/2003">
  <ItemGroup>
    <ClCompile Include="common.c" />
    <ClCompile Include="main.c" />
    <ClCompile Include="host.c" />
    <ClCompile Include="q_stl.c" />
  </ItemGroup>
  <ItemGroup>
    <ClInclude Include="common.h" />
    <ClInclude Include="main.h" />
    <ClInclude Include="quakeDef.h" />
    <ClInclude Include="q_stl.h" />
    <ClInclude Include="host.h" />
  </ItemGroup>
</Project>